
Microsoft Visual Studio Solution File, Format Version 12.00
# Visual Studio Version 17
VisualStudioVersion = 17.0.32014.148
MinimumVisualStudioVersion = 10.0.40219.1
Project("{9A19103F-16F7-4668-BE54-9A1E7A4F7556}") = "TrainingGuides.Web", "TrainingGuides.Web\TrainingGuides.Web.csproj", "{17AD0E81-4BEF-4204-93CD-485D3A358527}"
EndProject
Project("{9A19103F-16F7-4668-BE54-9A1E7A4F7556}") = "TrainingGuides.Entities", "TrainingGuides.Entities\TrainingGuides.Entities.csproj", "{E20685D5-8E97-4A1A-8C24-5612C6760BDB}"
EndProject
Project("{9A19103F-16F7-4668-BE54-9A1E7A4F7556}") = "TrainingGuides.Admin", "TrainingGuides.Admin\TrainingGuides.Admin.csproj", "{E7068071-BC8C-4460-B6B1-EAF82C445C49}"
EndProject
Project("{FAE04EC0-301F-11D3-BF4B-00C04F79EFBC}") = "TrainingGuides.Web.Tests", "TrainingGuides.Web.Tests\TrainingGuides.Web.Tests.csproj", "{E5E262F4-A8AB-4D78-8779-7B2C324AFC9A}"
EndProject
Project("{FAE04EC0-301F-11D3-BF4B-00C04F79EFBC}") = "TrainingGuides.Admin.Tests", "TrainingGuides.Admin.Tests\TrainingGuides.Admin.Tests.csproj", "{744CFE8F-EB08-4A19-A393-F8D90BDC2FDE}"
EndProject
Project("{FAE04EC0-301F-11D3-BF4B-00C04F79EFBC}") = "Kentico.Xperience.Mjml.StarterKit.Rcl", "Kentico.Xperience.Mjml.StarterKit.Rcl\Kentico.Xperience.Mjml.StarterKit.Rcl.csproj", "{84CA551E-6C7A-41CD-8B04-71068FAE2C4C}"
EndProject
Global
	GlobalSection(SolutionConfigurationPlatforms) = preSolution
		Debug|Any CPU = Debug|Any CPU
		Debug|x64 = Debug|x64
		Debug|x86 = Debug|x86
		Release|Any CPU = Release|Any CPU
		Release|x64 = Release|x64
		Release|x86 = Release|x86
	EndGlobalSection
	GlobalSection(ProjectConfigurationPlatforms) = postSolution
		{17AD0E81-4BEF-4204-93CD-485D3A358527}.Debug|Any CPU.ActiveCfg = Debug|Any CPU
		{17AD0E81-4BEF-4204-93CD-485D3A358527}.Debug|Any CPU.Build.0 = Debug|Any CPU
		{17AD0E81-4BEF-4204-93CD-485D3A358527}.Debug|x64.ActiveCfg = Debug|Any CPU
		{17AD0E81-4BEF-4204-93CD-485D3A358527}.Debug|x64.Build.0 = Debug|Any CPU
		{17AD0E81-4BEF-4204-93CD-485D3A358527}.Debug|x86.ActiveCfg = Debug|Any CPU
		{17AD0E81-4BEF-4204-93CD-485D3A358527}.Debug|x86.Build.0 = Debug|Any CPU
		{17AD0E81-4BEF-4204-93CD-485D3A358527}.Release|Any CPU.ActiveCfg = Release|Any CPU
		{17AD0E81-4BEF-4204-93CD-485D3A358527}.Release|Any CPU.Build.0 = Release|Any CPU
		{17AD0E81-4BEF-4204-93CD-485D3A358527}.Release|x64.ActiveCfg = Release|Any CPU
		{17AD0E81-4BEF-4204-93CD-485D3A358527}.Release|x64.Build.0 = Release|Any CPU
		{17AD0E81-4BEF-4204-93CD-485D3A358527}.Release|x86.ActiveCfg = Release|Any CPU
		{17AD0E81-4BEF-4204-93CD-485D3A358527}.Release|x86.Build.0 = Release|Any CPU
		{E20685D5-8E97-4A1A-8C24-5612C6760BDB}.Debug|Any CPU.ActiveCfg = Debug|Any CPU
		{E20685D5-8E97-4A1A-8C24-5612C6760BDB}.Debug|Any CPU.Build.0 = Debug|Any CPU
		{E20685D5-8E97-4A1A-8C24-5612C6760BDB}.Debug|x64.ActiveCfg = Debug|Any CPU
		{E20685D5-8E97-4A1A-8C24-5612C6760BDB}.Debug|x64.Build.0 = Debug|Any CPU
		{E20685D5-8E97-4A1A-8C24-5612C6760BDB}.Debug|x86.ActiveCfg = Debug|Any CPU
		{E20685D5-8E97-4A1A-8C24-5612C6760BDB}.Debug|x86.Build.0 = Debug|Any CPU
		{E20685D5-8E97-4A1A-8C24-5612C6760BDB}.Release|Any CPU.ActiveCfg = Release|Any CPU
		{E20685D5-8E97-4A1A-8C24-5612C6760BDB}.Release|Any CPU.Build.0 = Release|Any CPU
		{E20685D5-8E97-4A1A-8C24-5612C6760BDB}.Release|x64.ActiveCfg = Release|Any CPU
		{E20685D5-8E97-4A1A-8C24-5612C6760BDB}.Release|x64.Build.0 = Release|Any CPU
		{E20685D5-8E97-4A1A-8C24-5612C6760BDB}.Release|x86.ActiveCfg = Release|Any CPU
		{E20685D5-8E97-4A1A-8C24-5612C6760BDB}.Release|x86.Build.0 = Release|Any CPU
		{E7068071-BC8C-4460-B6B1-EAF82C445C49}.Debug|Any CPU.ActiveCfg = Debug|Any CPU
		{E7068071-BC8C-4460-B6B1-EAF82C445C49}.Debug|Any CPU.Build.0 = Debug|Any CPU
		{E7068071-BC8C-4460-B6B1-EAF82C445C49}.Debug|x64.ActiveCfg = Debug|Any CPU
		{E7068071-BC8C-4460-B6B1-EAF82C445C49}.Debug|x64.Build.0 = Debug|Any CPU
		{E7068071-BC8C-4460-B6B1-EAF82C445C49}.Debug|x86.ActiveCfg = Debug|Any CPU
		{E7068071-BC8C-4460-B6B1-EAF82C445C49}.Debug|x86.Build.0 = Debug|Any CPU
		{E7068071-BC8C-4460-B6B1-EAF82C445C49}.Release|Any CPU.ActiveCfg = Release|Any CPU
		{E7068071-BC8C-4460-B6B1-EAF82C445C49}.Release|Any CPU.Build.0 = Release|Any CPU
		{E7068071-BC8C-4460-B6B1-EAF82C445C49}.Release|x64.ActiveCfg = Release|Any CPU
		{E7068071-BC8C-4460-B6B1-EAF82C445C49}.Release|x64.Build.0 = Release|Any CPU
		{E7068071-BC8C-4460-B6B1-EAF82C445C49}.Release|x86.ActiveCfg = Release|Any CPU
		{E7068071-BC8C-4460-B6B1-EAF82C445C49}.Release|x86.Build.0 = Release|Any CPU
		{E5E262F4-A8AB-4D78-8779-7B2C324AFC9A}.Debug|Any CPU.ActiveCfg = Debug|Any CPU
		{E5E262F4-A8AB-4D78-8779-7B2C324AFC9A}.Debug|Any CPU.Build.0 = Debug|Any CPU
		{E5E262F4-A8AB-4D78-8779-7B2C324AFC9A}.Debug|x64.ActiveCfg = Debug|Any CPU
		{E5E262F4-A8AB-4D78-8779-7B2C324AFC9A}.Debug|x64.Build.0 = Debug|Any CPU
		{E5E262F4-A8AB-4D78-8779-7B2C324AFC9A}.Debug|x86.ActiveCfg = Debug|Any CPU
		{E5E262F4-A8AB-4D78-8779-7B2C324AFC9A}.Debug|x86.Build.0 = Debug|Any CPU
		{E5E262F4-A8AB-4D78-8779-7B2C324AFC9A}.Release|Any CPU.ActiveCfg = Release|Any CPU
		{E5E262F4-A8AB-4D78-8779-7B2C324AFC9A}.Release|Any CPU.Build.0 = Release|Any CPU
		{E5E262F4-A8AB-4D78-8779-7B2C324AFC9A}.Release|x64.ActiveCfg = Release|Any CPU
		{E5E262F4-A8AB-4D78-8779-7B2C324AFC9A}.Release|x64.Build.0 = Release|Any CPU
		{E5E262F4-A8AB-4D78-8779-7B2C324AFC9A}.Release|x86.ActiveCfg = Release|Any CPU
		{E5E262F4-A8AB-4D78-8779-7B2C324AFC9A}.Release|x86.Build.0 = Release|Any CPU
		{744CFE8F-EB08-4A19-A393-F8D90BDC2FDE}.Debug|Any CPU.ActiveCfg = Debug|Any CPU
		{744CFE8F-EB08-4A19-A393-F8D90BDC2FDE}.Debug|Any CPU.Build.0 = Debug|Any CPU
		{744CFE8F-EB08-4A19-A393-F8D90BDC2FDE}.Debug|x64.ActiveCfg = Debug|Any CPU
		{744CFE8F-EB08-4A19-A393-F8D90BDC2FDE}.Debug|x64.Build.0 = Debug|Any CPU
		{744CFE8F-EB08-4A19-A393-F8D90BDC2FDE}.Debug|x86.ActiveCfg = Debug|Any CPU
		{744CFE8F-EB08-4A19-A393-F8D90BDC2FDE}.Debug|x86.Build.0 = Debug|Any CPU
		{744CFE8F-EB08-4A19-A393-F8D90BDC2FDE}.Release|Any CPU.ActiveCfg = Release|Any CPU
		{744CFE8F-EB08-4A19-A393-F8D90BDC2FDE}.Release|Any CPU.Build.0 = Release|Any CPU
		{744CFE8F-EB08-4A19-A393-F8D90BDC2FDE}.Release|x64.ActiveCfg = Release|Any CPU
		{744CFE8F-EB08-4A19-A393-F8D90BDC2FDE}.Release|x64.Build.0 = Release|Any CPU
		{744CFE8F-EB08-4A19-A393-F8D90BDC2FDE}.Release|x86.ActiveCfg = Release|Any CPU
		{744CFE8F-EB08-4A19-A393-F8D90BDC2FDE}.Release|x86.Build.0 = Release|Any CPU
		{84CA551E-6C7A-41CD-8B04-71068FAE2C4C}.Debug|Any CPU.ActiveCfg = Debug|Any CPU
		{84CA551E-6C7A-41CD-8B04-71068FAE2C4C}.Debug|Any CPU.Build.0 = Debug|Any CPU
		{84CA551E-6C7A-41CD-8B04-71068FAE2C4C}.Debug|x64.ActiveCfg = Debug|Any CPU
		{84CA551E-6C7A-41CD-8B04-71068FAE2C4C}.Debug|x64.Build.0 = Debug|Any CPU
		{84CA551E-6C7A-41CD-8B04-71068FAE2C4C}.Debug|x86.ActiveCfg = Debug|Any CPU
		{84CA551E-6C7A-41CD-8B04-71068FAE2C4C}.Debug|x86.Build.0 = Debug|Any CPU
		{84CA551E-6C7A-41CD-8B04-71068FAE2C4C}.Release|Any CPU.ActiveCfg = Release|Any CPU
		{84CA551E-6C7A-41CD-8B04-71068FAE2C4C}.Release|Any CPU.Build.0 = Release|Any CPU
		{84CA551E-6C7A-41CD-8B04-71068FAE2C4C}.Release|x64.ActiveCfg = Release|Any CPU
		{84CA551E-6C7A-41CD-8B04-71068FAE2C4C}.Release|x64.Build.0 = Release|Any CPU
		{84CA551E-6C7A-41CD-8B04-71068FAE2C4C}.Release|x86.ActiveCfg = Release|Any CPU
		{84CA551E-6C7A-41CD-8B04-71068FAE2C4C}.Release|x86.Build.0 = Release|Any CPU
	EndGlobalSection
	GlobalSection(SolutionProperties) = preSolution
		HideSolutionNode = FALSE
	EndGlobalSection
	GlobalSection(ExtensibilityGlobals) = postSolution
		SolutionGuid = {175676C5-396B-4581-B046-4EC4F334770E}
	EndGlobalSection
EndGlobal
